
Microsoft Visual Studio Solution File, Format Version 12.00
# Visual Studio Version 17
VisualStudioVersion = 17.9.34701.34
MinimumVisualStudioVersion = 10.0.40219.1
Project("{FAE04EC0-301F-11D3-BF4B-00C04F79EFBC}") = "desktop", "desktop\desktop.csproj", "{A02C406C-1E10-4650-BAB9-1A7C9B2A4974}"
EndProject
Global
	GlobalSection(SolutionConfigurationPlatforms) = preSolution
		Debug|Any CPU = Debug|Any CPU
		Release|Any CPU = Release|Any CPU
	EndGlobalSection
	GlobalSection(ProjectConfigurationPlatforms) = postSolution
		{A02C406C-1E10-4650-BAB9-1A7C9B2A4974}.Debug|Any CPU.ActiveCfg = Debug|Any CPU
		{A02C406C-1E10-4650-BAB9-1A7C9B2A4974}.Debug|Any CPU.Build.0 = Debug|Any CPU
		{A02C406C-1E10-4650-BAB9-1A7C9B2A4974}.Release|Any CPU.ActiveCfg = Release|Any CPU
		{A02C406C-1E10-4650-BAB9-1A7C9B2A4974}.Release|Any CPU.Build.0 = Release|Any CPU
	EndGlobalSection
	GlobalSection(SolutionProperties) = preSolution
		HideSolutionNode = FALSE
	EndGlobalSection
	GlobalSection(ExtensibilityGlobals) = postSolution
		SolutionGuid = {13D16D76-2AF2-41DD-A9D6-448A7FFC1C35}
	EndGlobalSection
EndGlobal
